
Microsoft Visual Studio Solution File, Format Version 11.00
# Visual C++ Express 2010
Project("{8BC9CEB8-8B4A-11D0-8D11-00A0C91BC942}") = "Game", "Game\Game.vcxproj", "{8FC80237-F57E-4ED3-B529-02FD29148FB6}"
	ProjectSection(ProjectDependencies) = postProject
		{3B888519-C618-4A83-81FF-E0099E425B0F} = {3B888519-C618-4A83-81FF-E0099E425B0F}
	EndProjectSection
EndProject
Project("{8BC9CEB8-8B4A-11D0-8D11-00A0C91BC942}") = "Engine", "Engine\Engine.vcxproj", "{3B888519-C618-4A83-81FF-E0099E425B0F}"
EndProject
Global
	GlobalSection(SolutionConfigurationPlatforms) = preSolution
		Debug|Win32 = Debug|Win32
		Release|Win32 = Release|Win32
	EndGlobalSection
	GlobalSection(ProjectConfigurationPlatforms) = postSolution
		{8FC80237-F57E-4ED3-B529-02FD29148FB6}.Debug|Win32.ActiveCfg = Debug|Win32
		{8FC80237-F57E-4ED3-B529-02FD29148FB6}.Debug|Win32.Build.0 = Debug|Win32
		{8FC80237-F57E-4ED3-B529-02FD29148FB6}.Release|Win32.ActiveCfg = Release|Win32
		{8FC80237-F57E-4ED3-B529-02FD29148FB6}.Release|Win32.Build.0 = Release|Win32
		{3B888519-C618-4A83-81FF-E0099E425B0F}.Debug|Win32.ActiveCfg = Debug|Win32
		{3B888519-C618-4A83-81FF-E0099E425B0F}.Debug|Win32.Build.0 = Debug|Win32
		{3B888519-C618-4A83-81FF-E0099E425B0F}.Release|Win32.ActiveCfg = Release|Win32
		{3B888519-C618-4A83-81FF-E0099E425B0F}.Release|Win32.Build.0 = Release|Win32
	EndGlobalSection
	GlobalSection(SolutionProperties) = preSolution
		HideSolutionNode = FALSE
	EndGlobalSection
EndGlobal
